
Microsoft Visual Studio Solution File, Format Version 12.00
# Visual Studio 15
Project("{FAE04EC0-301F-11D3-BF4B-00C04F79EFBC}") = "UniGLTF", "UniGLTF.csproj", "{6D679742-7272-2E91-9573-A68E993C26A5}"
EndProject
Project("{FAE04EC0-301F-11D3-BF4B-00C04F79EFBC}") = "VRM", "VRM.csproj", "{1428A9B1-EDDE-A388-C0A1-8CBF4735670F}"
EndProject
Project("{FAE04EC0-301F-11D3-BF4B-00C04F79EFBC}") = "VRMShaders.GLTF.IO.Runtime", "VRMShaders.GLTF.IO.Runtime.csproj", "{369AE766-755E-23C6-94C4-F15DF35BCF37}"
EndProject
Project("{FAE04EC0-301F-11D3-BF4B-00C04F79EFBC}") = "VRMShaders.VRM10.MToon10.Runtime", "VRMShaders.VRM10.MToon10.Runtime.csproj", "{B090C0CD-439A-1EFC-7C6D-28ECD82803F9}"
EndProject
Project("{FAE04EC0-301F-11D3-BF4B-00C04F79EFBC}") = "UniHumanoid", "UniHumanoid.csproj", "{E1B3CE69-2367-1234-3ABF-C0BA42BCABA6}"
EndProject
Project("{FAE04EC0-301F-11D3-BF4B-00C04F79EFBC}") = "FastSpringBone", "FastSpringBone.csproj", "{C2D53424-8237-6DFA-FC91-D1CDECCCBB57}"
EndProject
Project("{FAE04EC0-301F-11D3-BF4B-00C04F79EFBC}") = "VRMShaders.GLTF.UniUnlit.Runtime", "VRMShaders.GLTF.UniUnlit.Runtime.csproj", "{A00A78EE-B2F1-3267-883F-20FCBE7C6A08}"
EndProject
Project("{FAE04EC0-301F-11D3-BF4B-00C04F79EFBC}") = "MToon", "MToon.csproj", "{8B1F146F-BB7F-451D-1F69-D08EF46A04F1}"
EndProject
Project("{FAE04EC0-301F-11D3-BF4B-00C04F79EFBC}") = "Assembly-CSharp", "Assembly-CSharp.csproj", "{F16FBE8B-0371-F926-4DC1-10935DCED067}"
EndProject
Project("{FAE04EC0-301F-11D3-BF4B-00C04F79EFBC}") = "VRMShaders.VRM10.Format.Runtime", "VRMShaders.VRM10.Format.Runtime.csproj", "{1F3095D1-3439-C9D9-14A8-859D1FA7F128}"
EndProject
Project("{FAE04EC0-301F-11D3-BF4B-00C04F79EFBC}") = "UniGLTF.Utils", "UniGLTF.Utils.csproj", "{95535FD1-238F-64A8-0F15-A6365443BC1D}"
EndProject
Project("{FAE04EC0-301F-11D3-BF4B-00C04F79EFBC}") = "VRMShaders.VRM.IO.Runtime", "VRMShaders.VRM.IO.Runtime.csproj", "{02EE3AF7-59C3-0CBB-AEA4-6F1773BE2A54}"
EndProject
Project("{FAE04EC0-301F-11D3-BF4B-00C04F79EFBC}") = "VRMShaders.GLTF.IO.Tests", "VRMShaders.GLTF.IO.Tests.csproj", "{3B7C7CD2-1523-23D2-E540-CECB4A0B4D21}"
EndProject
Project("{FAE04EC0-301F-11D3-BF4B-00C04F79EFBC}") = "UniGLTF.Tests", "UniGLTF.Tests.csproj", "{A915F45A-B0FD-5F02-3210-62C3D1A750E5}"
EndProject
Project("{FAE04EC0-301F-11D3-BF4B-00C04F79EFBC}") = "UniVRM.Editor", "UniVRM.Editor.csproj", "{80C5012A-4B0C-4E68-28D9-573521E1A22A}"
EndProject
Project("{FAE04EC0-301F-11D3-BF4B-00C04F79EFBC}") = "VRMShaders.GLTF.UniUnlit.Editor", "VRMShaders.GLTF.UniUnlit.Editor.csproj", "{462F16B3-E4CF-D6BB-DCF8-B226F6369ADA}"
EndProject
Project("{FAE04EC0-301F-11D3-BF4B-00C04F79EFBC}") = "UniGLTF.Editor", "UniGLTF.Editor.csproj", "{2DA24087-1608-79BB-67E4-5383E354558F}"
EndProject
Project("{FAE04EC0-301F-11D3-BF4B-00C04F79EFBC}") = "UniHumanoid.Editor", "UniHumanoid.Editor.csproj", "{4C9A1A67-B5CA-D1F2-6B48-E036CB114877}"
EndProject
Project("{FAE04EC0-301F-11D3-BF4B-00C04F79EFBC}") = "VRM.Tests", "VRM.Tests.csproj", "{0D5FFD7F-077D-57BC-7FF5-FEA27EE5AF37}"
EndProject
Project("{FAE04EC0-301F-11D3-BF4B-00C04F79EFBC}") = "VRMShaders.VRM10.MToon10.Editor", "VRMShaders.VRM10.MToon10.Editor.csproj", "{519AA7A4-58EE-E56C-028B-12E1A90F87A0}"
EndProject
Project("{FAE04EC0-301F-11D3-BF4B-00C04F79EFBC}") = "MToon.Editor", "MToon.Editor.csproj", "{13EFA54A-CD4A-5863-734F-75561CA70AA5}"
EndProject
Project("{FAE04EC0-301F-11D3-BF4B-00C04F79EFBC}") = "VRMShaders.GLTF.IO.Editor", "VRMShaders.GLTF.IO.Editor.csproj", "{45A3E4C6-D2E3-D453-7CAC-D836B136CAEF}"
EndProject
Project("{FAE04EC0-301F-11D3-BF4B-00C04F79EFBC}") = "VRMShaders.VRM10.MToon10.Tests", "VRMShaders.VRM10.MToon10.Tests.csproj", "{3130B75D-18F1-6607-75A6-73D9D1A34DDB}"
EndProject
Project("{FAE04EC0-301F-11D3-BF4B-00C04F79EFBC}") = "UniHumanoid.Editor.Tests", "UniHumanoid.Editor.Tests.csproj", "{D661F65D-0DE6-873D-5C78-1DBC6D68796D}"
EndProject
Project("{FAE04EC0-301F-11D3-BF4B-00C04F79EFBC}") = "VRM.Samples.Editor.Tests", "VRM.Samples.Editor.Tests.csproj", "{4B3AD051-3A41-40AB-70B2-515C4FDA981B}"
EndProject
Global
	GlobalSection(SolutionConfigurationPlatforms) = preSolution
		Debug|Any CPU = Debug|Any CPU
		Release|Any CPU = Release|Any CPU
	EndGlobalSection
	GlobalSection(ProjectConfigurationPlatforms) = postSolution
		{6D679742-7272-2E91-9573-A68E993C26A5}.Debug|Any CPU.ActiveCfg = Debug|Any CPU
		{6D679742-7272-2E91-9573-A68E993C26A5}.Debug|Any CPU.Build.0 = Debug|Any CPU
		{6D679742-7272-2E91-9573-A68E993C26A5}.Release|Any CPU.ActiveCfg = Release|Any CPU
		{6D679742-7272-2E91-9573-A68E993C26A5}.Release|Any CPU.Build.0 = Release|Any CPU
		{1428A9B1-EDDE-A388-C0A1-8CBF4735670F}.Debug|Any CPU.ActiveCfg = Debug|Any CPU
		{1428A9B1-EDDE-A388-C0A1-8CBF4735670F}.Debug|Any CPU.Build.0 = Debug|Any CPU
		{1428A9B1-EDDE-A388-C0A1-8CBF4735670F}.Release|Any CPU.ActiveCfg = Release|Any CPU
		{1428A9B1-EDDE-A388-C0A1-8CBF4735670F}.Release|Any CPU.Build.0 = Release|Any CPU
		{369AE766-755E-23C6-94C4-F15DF35BCF37}.Debug|Any CPU.ActiveCfg = Debug|Any CPU
		{369AE766-755E-23C6-94C4-F15DF35BCF37}.Debug|Any CPU.Build.0 = Debug|Any CPU
		{369AE766-755E-23C6-94C4-F15DF35BCF37}.Release|Any CPU.ActiveCfg = Release|Any CPU
		{369AE766-755E-23C6-94C4-F15DF35BCF37}.Release|Any CPU.Build.0 = Release|Any CPU
		{B090C0CD-439A-1EFC-7C6D-28ECD82803F9}.Debug|Any CPU.ActiveCfg = Debug|Any CPU
		{B090C0CD-439A-1EFC-7C6D-28ECD82803F9}.Debug|Any CPU.Build.0 = Debug|Any CPU
		{B090C0CD-439A-1EFC-7C6D-28ECD82803F9}.Release|Any CPU.ActiveCfg = Release|Any CPU
		{B090C0CD-439A-1EFC-7C6D-28ECD82803F9}.Release|Any CPU.Build.0 = Release|Any CPU
		{E1B3CE69-2367-1234-3ABF-C0BA42BCABA6}.Debug|Any CPU.ActiveCfg = Debug|Any CPU
		{E1B3CE69-2367-1234-3ABF-C0BA42BCABA6}.Debug|Any CPU.Build.0 = Debug|Any CPU
		{E1B3CE69-2367-1234-3ABF-C0BA42BCABA6}.Release|Any CPU.ActiveCfg = Release|Any CPU
		{E1B3CE69-2367-1234-3ABF-C0BA42BCABA6}.Release|Any CPU.Build.0 = Release|Any CPU
		{C2D53424-8237-6DFA-FC91-D1CDECCCBB57}.Debug|Any CPU.ActiveCfg = Debug|Any CPU
		{C2D53424-8237-6DFA-FC91-D1CDECCCBB57}.Debug|Any CPU.Build.0 = Debug|Any CPU
		{C2D53424-8237-6DFA-FC91-D1CDECCCBB57}.Release|Any CPU.ActiveCfg = Release|Any CPU
		{C2D53424-8237-6DFA-FC91-D1CDECCCBB57}.Release|Any CPU.Build.0 = Release|Any CPU
		{A00A78EE-B2F1-3267-883F-20FCBE7C6A08}.Debug|Any CPU.ActiveCfg = Debug|Any CPU
		{A00A78EE-B2F1-3267-883F-20FCBE7C6A08}.Debug|Any CPU.Build.0 = Debug|Any CPU
		{A00A78EE-B2F1-3267-883F-20FCBE7C6A08}.Release|Any CPU.ActiveCfg = Release|Any CPU
		{A00A78EE-B2F1-3267-883F-20FCBE7C6A08}.Release|Any CPU.Build.0 = Release|Any CPU
		{8B1F146F-BB7F-451D-1F69-D08EF46A04F1}.Debug|Any CPU.ActiveCfg = Debug|Any CPU
		{8B1F146F-BB7F-451D-1F69-D08EF46A04F1}.Debug|Any CPU.Build.0 = Debug|Any CPU
		{8B1F146F-BB7F-451D-1F69-D08EF46A04F1}.Release|Any CPU.ActiveCfg = Release|Any CPU
		{8B1F146F-BB7F-451D-1F69-D08EF46A04F1}.Release|Any CPU.Build.0 = Release|Any CPU
		{F16FBE8B-0371-F926-4DC1-10935DCED067}.Debug|Any CPU.ActiveCfg = Debug|Any CPU
		{F16FBE8B-0371-F926-4DC1-10935DCED067}.Debug|Any CPU.Build.0 = Debug|Any CPU
		{F16FBE8B-0371-F926-4DC1-10935DCED067}.Release|Any CPU.ActiveCfg = Release|Any CPU
		{F16FBE8B-0371-F926-4DC1-10935DCED067}.Release|Any CPU.Build.0 = Release|Any CPU
		{1F3095D1-3439-C9D9-14A8-859D1FA7F128}.Debug|Any CPU.ActiveCfg = Debug|Any CPU
		{1F3095D1-3439-C9D9-14A8-859D1FA7F128}.Debug|Any CPU.Build.0 = Debug|Any CPU
		{1F3095D1-3439-C9D9-14A8-859D1FA7F128}.Release|Any CPU.ActiveCfg = Release|Any CPU
		{1F3095D1-3439-C9D9-14A8-859D1FA7F128}.Release|Any CPU.Build.0 = Release|Any CPU
		{95535FD1-238F-64A8-0F15-A6365443BC1D}.Debug|Any CPU.ActiveCfg = Debug|Any CPU
		{95535FD1-238F-64A8-0F15-A6365443BC1D}.Debug|Any CPU.Build.0 = Debug|Any CPU
		{95535FD1-238F-64A8-0F15-A6365443BC1D}.Release|Any CPU.ActiveCfg = Release|Any CPU
		{95535FD1-238F-64A8-0F15-A6365443BC1D}.Release|Any CPU.Build.0 = Release|Any CPU
		{02EE3AF7-59C3-0CBB-AEA4-6F1773BE2A54}.Debug|Any CPU.ActiveCfg = Debug|Any CPU
		{02EE3AF7-59C3-0CBB-AEA4-6F1773BE2A54}.Debug|Any CPU.Build.0 = Debug|Any CPU
		{02EE3AF7-59C3-0CBB-AEA4-6F1773BE2A54}.Release|Any CPU.ActiveCfg = Release|Any CPU
		{02EE3AF7-59C3-0CBB-AEA4-6F1773BE2A54}.Release|Any CPU.Build.0 = Release|Any CPU
		{3B7C7CD2-1523-23D2-E540-CECB4A0B4D21}.Debug|Any CPU.ActiveCfg = Debug|Any CPU
		{3B7C7CD2-1523-23D2-E540-CECB4A0B4D21}.Debug|Any CPU.Build.0 = Debug|Any CPU
		{3B7C7CD2-1523-23D2-E540-CECB4A0B4D21}.Release|Any CPU.ActiveCfg = Release|Any CPU
		{3B7C7CD2-1523-23D2-E540-CECB4A0B4D21}.Release|Any CPU.Build.0 = Release|Any CPU
		{A915F45A-B0FD-5F02-3210-62C3D1A750E5}.Debug|Any CPU.ActiveCfg = Debug|Any CPU
		{A915F45A-B0FD-5F02-3210-62C3D1A750E5}.Debug|Any CPU.Build.0 = Debug|Any CPU
		{A915F45A-B0FD-5F02-3210-62C3D1A750E5}.Release|Any CPU.ActiveCfg = Release|Any CPU
		{A915F45A-B0FD-5F02-3210-62C3D1A750E5}.Release|Any CPU.Build.0 = Release|Any CPU
		{80C5012A-4B0C-4E68-28D9-573521E1A22A}.Debug|Any CPU.ActiveCfg = Debug|Any CPU
		{80C5012A-4B0C-4E68-28D9-573521E1A22A}.Debug|Any CPU.Build.0 = Debug|Any CPU
		{80C5012A-4B0C-4E68-28D9-573521E1A22A}.Release|Any CPU.ActiveCfg = Release|Any CPU
		{80C5012A-4B0C-4E68-28D9-573521E1A22A}.Release|Any CPU.Build.0 = Release|Any CPU
		{462F16B3-E4CF-D6BB-DCF8-B226F6369ADA}.Debug|Any CPU.ActiveCfg = Debug|Any CPU
		{462F16B3-E4CF-D6BB-DCF8-B226F6369ADA}.Debug|Any CPU.Build.0 = Debug|Any CPU
		{462F16B3-E4CF-D6BB-DCF8-B226F6369ADA}.Release|Any CPU.ActiveCfg = Release|Any CPU
		{462F16B3-E4CF-D6BB-DCF8-B226F6369ADA}.Release|Any CPU.Build.0 = Release|Any CPU
		{2DA24087-1608-79BB-67E4-5383E354558F}.Debug|Any CPU.ActiveCfg = Debug|Any CPU
		{2DA24087-1608-79BB-67E4-5383E354558F}.Debug|Any CPU.Build.0 = Debug|Any CPU
		{2DA24087-1608-79BB-67E4-5383E354558F}.Release|Any CPU.ActiveCfg = Release|Any CPU
		{2DA24087-1608-79BB-67E4-5383E354558F}.Release|Any CPU.Build.0 = Release|Any CPU
		{4C9A1A67-B5CA-D1F2-6B48-E036CB114877}.Debug|Any CPU.ActiveCfg = Debug|Any CPU
		{4C9A1A67-B5CA-D1F2-6B48-E036CB114877}.Debug|Any CPU.Build.0 = Debug|Any CPU
		{4C9A1A67-B5CA-D1F2-6B48-E036CB114877}.Release|Any CPU.ActiveCfg = Release|Any CPU
		{4C9A1A67-B5CA-D1F2-6B48-E036CB114877}.Release|Any CPU.Build.0 = Release|Any CPU
		{0D5FFD7F-077D-57BC-7FF5-FEA27EE5AF37}.Debug|Any CPU.ActiveCfg = Debug|Any CPU
		{0D5FFD7F-077D-57BC-7FF5-FEA27EE5AF37}.Debug|Any CPU.Build.0 = Debug|Any CPU
		{0D5FFD7F-077D-57BC-7FF5-FEA27EE5AF37}.Release|Any CPU.ActiveCfg = Release|Any CPU
		{0D5FFD7F-077D-57BC-7FF5-FEA27EE5AF37}.Release|Any CPU.Build.0 = Release|Any CPU
		{519AA7A4-58EE-E56C-028B-12E1A90F87A0}.Debug|Any CPU.ActiveCfg = Debug|Any CPU
		{519AA7A4-58EE-E56C-028B-12E1A90F87A0}.Debug|Any CPU.Build.0 = Debug|Any CPU
		{519AA7A4-58EE-E56C-028B-12E1A90F87A0}.Release|Any CPU.ActiveCfg = Release|Any CPU
		{519AA7A4-58EE-E56C-028B-12E1A90F87A0}.Release|Any CPU.Build.0 = Release|Any CPU
		{13EFA54A-CD4A-5863-734F-75561CA70AA5}.Debug|Any CPU.ActiveCfg = Debug|Any CPU
		{13EFA54A-CD4A-5863-734F-75561CA70AA5}.Debug|Any CPU.Build.0 = Debug|Any CPU
		{13EFA54A-CD4A-5863-734F-75561CA70AA5}.Release|Any CPU.ActiveCfg = Release|Any CPU
		{13EFA54A-CD4A-5863-734F-75561CA70AA5}.Release|Any CPU.Build.0 = Release|Any CPU
		{45A3E4C6-D2E3-D453-7CAC-D836B136CAEF}.Debug|Any CPU.ActiveCfg = Debug|Any CPU
		{45A3E4C6-D2E3-D453-7CAC-D836B136CAEF}.Debug|Any CPU.Build.0 = Debug|Any CPU
		{45A3E4C6-D2E3-D453-7CAC-D836B136CAEF}.Release|Any CPU.ActiveCfg = Release|Any CPU
		{45A3E4C6-D2E3-D453-7CAC-D836B136CAEF}.Release|Any CPU.Build.0 = Release|Any CPU
		{3130B75D-18F1-6607-75A6-73D9D1A34DDB}.Debug|Any CPU.ActiveCfg = Debug|Any CPU
		{3130B75D-18F1-6607-75A6-73D9D1A34DDB}.Debug|Any CPU.Build.0 = Debug|Any CPU
		{3130B75D-18F1-6607-75A6-73D9D1A34DDB}.Release|Any CPU.ActiveCfg = Release|Any CPU
		{3130B75D-18F1-6607-75A6-73D9D1A34DDB}.Release|Any CPU.Build.0 = Release|Any CPU
		{D661F65D-0DE6-873D-5C78-1DBC6D68796D}.Debug|Any CPU.ActiveCfg = Debug|Any CPU
		{D661F65D-0DE6-873D-5C78-1DBC6D68796D}.Debug|Any CPU.Build.0 = Debug|Any CPU
		{D661F65D-0DE6-873D-5C78-1DBC6D68796D}.Release|Any CPU.ActiveCfg = Release|Any CPU
		{D661F65D-0DE6-873D-5C78-1DBC6D68796D}.Release|Any CPU.Build.0 = Release|Any CPU
		{4B3AD051-3A41-40AB-70B2-515C4FDA981B}.Debug|Any CPU.ActiveCfg = Debug|Any CPU
		{4B3AD051-3A41-40AB-70B2-515C4FDA981B}.Debug|Any CPU.Build.0 = Debug|Any CPU
		{4B3AD051-3A41-40AB-70B2-515C4FDA981B}.Release|Any CPU.ActiveCfg = Release|Any CPU
		{4B3AD051-3A41-40AB-70B2-515C4FDA981B}.Release|Any CPU.Build.0 = Release|Any CPU
	EndGlobalSection
	GlobalSection(SolutionProperties) = preSolution
		HideSolutionNode = FALSE
	EndGlobalSection
EndGlobal
